// !$*UTF8*$!
{
	archiveVersion = 1;
	classes = {
	};
	objectVersion = 46;
	objects = {

/* Begin PBXBuildFile section */
		ADAA89871BDC535C007D430C /* main.m in Sources */ = {isa = PBXBuildFile; fileRef = ADAA89861BDC535C007D430C /* main.m */; };
		ADAA898A1BDC535C007D430C /* AppDelegate.m in Sources */ = {isa = PBXBuildFile; fileRef = ADAA89891BDC535C007D430C /* AppDelegate.m */; };
		ADAA898D1BDC535C007D430C /* FirstViewController.m in Sources */ = {isa = PBXBuildFile; fileRef = ADAA898C1BDC535C007D430C /* FirstViewController.m */; };
		ADAA89901BDC535C007D430C /* SecondViewController.m in Sources */ = {isa = PBXBuildFile; fileRef = ADAA898F1BDC535C007D430C /* SecondViewController.m */; };
		ADAA89931BDC535C007D430C /* Main.storyboard in Resources */ = {isa = PBXBuildFile; fileRef = ADAA89911BDC535C007D430C /* Main.storyboard */; };
		ADAA89951BDC535C007D430C /* Assets.xcassets in Resources */ = {isa = PBXBuildFile; fileRef = ADAA89941BDC535C007D430C /* Assets.xcassets */; };
		ADAA89981BDC535C007D430C /* LaunchScreen.storyboard in Resources */ = {isa = PBXBuildFile; fileRef = ADAA89961BDC535C007D430C /* LaunchScreen.storyboard */; };
/* End PBXBuildFile section */

/* Begin PBXFileReference section */
		ADAA89821BDC535C007D430C /* rottenTomatoes1.app */ = {isa = PBXFileReference; explicitFileType = wrapper.application; includeInIndex = 0; path = rottenTomatoes1.app; sourceTree = BUILT_PRODUCTS_DIR; };
		ADAA89861BDC535C007D430C /* main.m */ = {isa = PBXFileReference; lastKnownFileType = sourcecode.c.objc; path = main.m; sourceTree = "<group>"; };
		ADAA89881BDC535C007D430C /* AppDelegate.h */ = {isa = PBXFileReference; lastKnownFileType = sourcecode.c.h; path = AppDelegate.h; sourceTree = "<group>"; };
		ADAA89891BDC535C007D430C /* AppDelegate.m */ = {isa = PBXFileReference; lastKnownFileType = sourcecode.c.objc; path = AppDelegate.m; sourceTree = "<group>"; };
		ADAA898B1BDC535C007D430C /* FirstViewController.h */ = {isa = PBXFileReference; lastKnownFileType = sourcecode.c.h; path = FirstViewController.h; sourceTree = "<group>"; };
		ADAA898C1BDC535C007D430C /* FirstViewController.m */ = {isa = PBXFileReference; lastKnownFileType = sourcecode.c.objc; path = FirstViewController.m; sourceTree = "<group>"; };
		ADAA898E1BDC535C007D430C /* SecondViewController.h */ = {isa = PBXFileReference; lastKnownFileType = sourcecode.c.h; path = SecondViewController.h; sourceTree = "<group>"; };
		ADAA898F1BDC535C007D430C /* SecondViewController.m */ = {isa = PBXFileReference; lastKnownFileType = sourcecode.c.objc; path = SecondViewController.m; sourceTree = "<group>"; };
		ADAA89921BDC535C007D430C /* Base */ = {isa = PBXFileReference; lastKnownFileType = file.storyboard; name = Base; path = Base.lproj/Main.storyboard; sourceTree = "<group>"; };
		ADAA89941BDC535C007D430C /* Assets.xcassets */ = {isa = PBXFileReference; lastKnownFileType = folder.assetcatalog; path = Assets.xcassets; sourceTree = "<group>"; };
		ADAA89971BDC535C007D430C /* Base */ = {isa = PBXFileReference; lastKnownFileType = file.storyboard; name = Base; path = Base.lproj/LaunchScreen.storyboard; sourceTree = "<group>"; };
		ADAA89991BDC535C007D430C /* Info.plist */ = {isa = PBXFileReference; lastKnownFileType = text.plist.xml; path = Info.plist; sourceTree = "<group>"; };
/* End PBXFileReference section */

/* Begin PBXFrameworksBuildPhase section */
		ADAA897F1BDC535C007D430C /* Frameworks */ = {
			isa = PBXFrameworksBuildPhase;
			buildActionMask = 2147483647;
			files = (
			);
			runOnlyForDeploymentPostprocessing = 0;
		};
/* End PBXFrameworksBuildPhase section */

/* Begin PBXGroup section */
		ADAA89791BDC535C007D430C = {
			isa = PBXGroup;
			children = (
				ADAA89841BDC535C007D430C /* rottenTomatoes1 */,
				ADAA89831BDC535C007D430C /* Products */,
			);
			sourceTree = "<group>";
		};
		ADAA89831BDC535C007D430C /* Products */ = {
			isa = PBXGroup;
			children = (
				ADAA89821BDC535C007D430C /* rottenTomatoes1.app */,
			);
			name = Products;
			sourceTree = "<group>";
		};
		ADAA89841BDC535C007D430C /* rottenTomatoes1 */ = {
			isa = PBXGroup;
			children = (
				ADAA89881BDC535C007D430C /* AppDelegate.h */,
				ADAA89891BDC535C007D430C /* AppDelegate.m */,
				ADAA898B1BDC535C007D430C /* FirstViewController.h */,
				ADAA898C1BDC535C007D430C /* FirstViewController.m */,
				ADAA898E1BDC535C007D430C /* SecondViewController.h */,
				ADAA898F1BDC535C007D430C /* SecondViewController.m */,
				ADAA89911BDC535C007D430C /* Main.storyboard */,
				ADAA89941BDC535C007D430C /* Assets.xcassets */,
				ADAA89961BDC535C007D430C /* LaunchScreen.storyboard */,
				ADAA89991BDC535C007D430C /* Info.plist */,
				ADAA89851BDC535C007D430C /* Supporting Files */,
			);
			path = rottenTomatoes1;
			sourceTree = "<group>";
		};
		ADAA89851BDC535C007D430C /* Supporting Files */ = {
			isa = PBXGroup;
			children = (
				ADAA89861BDC535C007D430C /* main.m */,
			);
			name = "Supporting Files";
			sourceTree = "<group>";
		};
/* End PBXGroup section */

/* Begin PBXNativeTarget section */
		ADAA89811BDC535C007D430C /* rottenTomatoes1 */ = {
			isa = PBXNativeTarget;
			buildConfigurationList = ADAA899C1BDC535C007D430C /* Build configuration list for PBXNativeTarget "rottenTomatoes1" */;
			buildPhases = (
				ADAA897E1BDC535C007D430C /* Sources */,
				ADAA897F1BDC535C007D430C /* Frameworks */,
				ADAA89801BDC535C007D430C /* Resources */,
			);
			buildRules = (
			);
			dependencies = (
			);
			name = rottenTomatoes1;
			productName = rottenTomatoes1;
			productReference = ADAA89821BDC535C007D430C /* rottenTomatoes1.app */;
			productType = "com.apple.product-type.application";
		};
/* End PBXNativeTarget section */

/* Begin PBXProject section */
		ADAA897A1BDC535C007D430C /* Project object */ = {
			isa = PBXProject;
			attributes = {
				LastUpgradeCheck = 0700;
				ORGANIZATIONNAME = "Aswani Nerella";
				TargetAttributes = {
					ADAA89811BDC535C007D430C = {
						CreatedOnToolsVersion = 7.0.1;
						DevelopmentTeam = UUYFL9JZN6;
					};
				};
			};
			buildConfigurationList = ADAA897D1BDC535C007D430C /* Build configuration list for PBXProject "rottenTomatoes1" */;
			compatibilityVersion = "Xcode 3.2";
			developmentRegion = English;
			hasScannedForEncodings = 0;
			knownRegions = (
				en,
				Base,
			);
			mainGroup = ADAA89791BDC535C007D430C;
			productRefGroup = ADAA89831BDC535C007D430C /* Products */;
			projectDirPath = "";
			projectRoot = "";
			targets = (
				ADAA89811BDC535C007D430C /* rottenTomatoes1 */,
			);
		};
/* End PBXProject section */

/* Begin PBXResourcesBuildPhase section */
		ADAA89801BDC535C007D430C /* Resources */ = {
			isa = PBXResourcesBuildPhase;
			buildActionMask = 2147483647;
			files = (
				ADAA89981BDC535C007D430C /* LaunchScreen.storyboard in Resources */,
				ADAA89951BDC535C007D430C /* Assets.xcassets in Resources */,
				ADAA89931BDC535C007D430C /* Main.storyboard in Resources */,
			);
			runOnlyForDeploymentPostprocessing = 0;
		};
/* End PBXResourcesBuildPhase section */

/* Begin PBXSourcesBuildPhase section */
		ADAA897E1BDC535C007D430C /* Sources */ = {
			isa = PBXSourcesBuildPhase;
			buildActionMask = 2147483647;
			files = (
				ADAA89901BDC535C007D430C /* SecondViewController.m in Sources */,
				ADAA898A1BDC535C007D430C /* AppDelegate.m in Sources */,
				ADAA898D1BDC535C007D430C /* FirstViewController.m in Sources */,
				ADAA89871BDC535C007D430C /* main.m in Sources */,
			);
			runOnlyForDeploymentPostprocessing = 0;
		};
/* End PBXSourcesBuildPhase section */

/* Begin PBXVariantGroup section */
		ADAA89911BDC535C007D430C /* Main.storyboard */ = {
			isa = PBXVariantGroup;
			children = (
				ADAA89921BDC535C007D430C /* Base */,
			);
			name = Main.storyboard;
			sourceTree = "<group>";
		};
		ADAA89961BDC535C007D430C /* LaunchScreen.storyboard */ = {
			isa = PBXVariantGroup;
			children = (
				ADAA89971BDC535C007D430C /* Base */,
			);
			name = LaunchScreen.storyboard;
			sourceTree = "<group>";
		};
/* End PBXVariantGroup section */

/* Begin XCBuildConfiguration section */
		ADAA899A1BDC535C007D430C /* Debug */ = {
			isa = XCBuildConfiguration;
			buildSettings = {
				ALWAYS_SEARCH_USER_PATHS = NO;
				CLANG_CXX_LANGUAGE_STANDARD = "gnu++0x";
				CLANG_CXX_LIBRARY = "libc++";
				CLANG_ENABLE_MODULES = YES;
				CLANG_ENABLE_OBJC_ARC = YES;
				CLANG_WARN_BOOL_CONVERSION = YES;
				CLANG_WARN_CONSTANT_CONVERSION = YES;
				CLANG_WARN_DIRECT_OBJC_ISA_USAGE = YES_ERROR;
				CLANG_WARN_EMPTY_BODY = YES;
				CLANG_WARN_ENUM_CONVERSION = YES;
				CLANG_WARN_INT_CONVERSION = YES;
				CLANG_WARN_OBJC_ROOT_CLASS = YES_ERROR;
				CLANG_WARN_UNREACHABLE_CODE = YES;
				CLANG_WARN__DUPLICATE_METHOD_MATCH = YES;
				"CODE_SIGN_IDENTITY[sdk=iphoneos*]" = "iPhone Developer";
				COPY_PHASE_STRIP = NO;
				DEBUG_INFORMATION_FORMAT = dwarf;
				ENABLE_STRICT_OBJC_MSGSEND = YES;
				ENABLE_TESTABILITY = YES;
				GCC_C_LANGUAGE_STANDARD = gnu99;
				GCC_DYNAMIC_NO_PIC = NO;
				GCC_NO_COMMON_BLOCKS = YES;
				GCC_OPTIMIZATION_LEVEL = 0;
				GCC_PREPROCESSOR_DEFINITIONS = (
					"DEBUG=1",
					"$(inherited)",
				);
				GCC_WARN_64_TO_32_BIT_CONVERSION = YES;
				GCC_WARN_ABOUT_RETURN_TYPE = YES_ERROR;
				GCC_WARN_UNDECLARED_SELECTOR = YES;
				GCC_WARN_UNINITIALIZED_AUTOS = YES_AGGRESSIVE;
				GCC_WARN_UNUSED_FUNCTION = YES;
				GCC_WARN_UNUSED_VARIABLE = YES;
				IPHONEOS_DEPLOYMENT_TARGET = 9.0;
				MTL_ENABLE_DEBUG_INFO = YES;
				ONLY_ACTIVE_ARCH = YES;
				SDKROOT = iphoneos;
				TARGETED_DEVICE_FAMILY = "1,2";
			};
			name = Debug;
		};
		ADAA899B1BDC535C007D430C /* Release */ = {
			isa = XCBuildConfiguration;
			buildSettings = {
				ALWAYS_SEARCH_USER_PATHS = NO;
				CLANG_CXX_LANGUAGE_STANDARD = "gnu++0x";
				CLANG_CXX_LIBRARY = "libc++";
				CLANG_ENABLE_MODULES = YES;
				CLANG_ENABLE_OBJC_ARC = YES;
				CLANG_WARN_BOOL_CONVERSION = YES;
				CLANG_WARN_CONSTANT_CONVERSION = YES;
				CLANG_WARN_DIRECT_OBJC_ISA_USAGE = YES_ERROR;
				CLANG_WARN_EMPTY_BODY = YES;
				CLANG_WARN_ENUM_CONVERSION = YES;
				CLANG_WARN_INT_CONVERSION = YES;
				CLANG_WARN_OBJC_ROOT_CLASS = YES_ERROR;
				CLANG_WARN_UNREACHABLE_CODE = YES;
				CLANG_WARN__DUPLICATE_METHOD_MATCH = YES;
				"CODE_SIGN_IDENTITY[sdk=iphoneos*]" = "iPhone Developer";
				COPY_PHASE_STRIP = NO;
				DEBUG_INFORMATION_FORMAT = "dwarf-with-dsym";
				ENABLE_NS_ASSERTIONS = NO;
				ENABLE_STRICT_OBJC_MSGSEND = YES;
				GCC_C_LANGUAGE_STANDARD = gnu99;
				GCC_NO_COMMON_BLOCKS = YES;
				GCC_WARN_64_TO_32_BIT_CONVERSION = YES;
				GCC_WARN_ABOUT_RETURN_TYPE = YES_ERROR;
				GCC_WARN_UNDECLARED_SELECTOR = YES;
				GCC_WARN_UNINITIALIZED_AUTOS = YES_AGGRESSIVE;
				GCC_WARN_UNUSED_FUNCTION = YES;
				GCC_WARN_UNUSED_VARIABLE = YES;
				IPHONEOS_DEPLOYMENT_TARGET = 9.0;
				MTL_ENABLE_DEBUG_INFO = NO;
				SDKROOT = iphoneos;
				TARGETED_DEVICE_FAMILY = "1,2";
				VALIDATE_PRODUCT = YES;
			};
			name = Release;
		};
		ADAA899D1BDC535C007D430C /* Debug */ = {
			isa = XCBuildConfiguration;
			buildSettings = {
				ASSETCATALOG_COMPILER_APPICON_NAME = AppIcon;
				INFOPLIST_FILE = rottenTomatoes1/Info.plist;
				LD_RUNPATH_SEARCH_PATHS = "$(inherited) @executable_path/Frameworks";
				PRODUCT_BUNDLE_IDENTIFIER = com.codepath.rottenTomatoes1;
				PRODUCT_NAME = "$(TARGET_NAME)";
			};
			name = Debug;
		};
		ADAA899E1BDC535C007D430C /* Release */ = {
			isa = XCBuildConfiguration;
			buildSettings = {
				ASSETCATALOG_COMPILER_APPICON_NAME = AppIcon;
				INFOPLIST_FILE = rottenTomatoes1/Info.plist;
				LD_RUNPATH_SEARCH_PATHS = "$(inherited) @executable_path/Frameworks";
				PRODUCT_BUNDLE_IDENTIFIER = com.codepath.rottenTomatoes1;
				PRODUCT_NAME = "$(TARGET_NAME)";
			};
			name = Release;
		};
/* End XCBuildConfiguration section */

/* Begin XCConfigurationList section */
		ADAA897D1BDC535C007D430C /* Build configuration list for PBXProject "rottenTomatoes1" */ = {
			isa = XCConfigurationList;
			buildConfigurations = (
				ADAA899A1BDC535C007D430C /* Debug */,
				ADAA899B1BDC535C007D430C /* Release */,
			);
			defaultConfigurationIsVisible = 0;
			defaultConfigurationName = Release;
		};
		ADAA899C1BDC535C007D430C /* Build configuration list for PBXNativeTarget "rottenTomatoes1" */ = {
			isa = XCConfigurationList;
			buildConfigurations = (
				ADAA899D1BDC535C007D430C /* Debug */,
				ADAA899E1BDC535C007D430C /* Release */,
			);
			defaultConfigurationIsVisible = 0;
		};
/* End XCConfigurationList section */
	};
	rootObject = ADAA897A1BDC535C007D430C /* Project object */;
}
